
Microsoft Visual Studio Solution File, Format Version 12.00
# Visual Studio Version 16
VisualStudioVersion = 16.0.30114.105
MinimumVisualStudioVersion = 10.0.40219.1
Project("{9A19103F-16F7-4668-BE54-9A1E7A4F7556}") = "Simpleverse.Dapper", "Simpleverse.Dapper\Simpleverse.Dapper.csproj", "{C109F98E-1FE1-4647-9184-65AC3CD9D2D2}"
EndProject
Project("{9A19103F-16F7-4668-BE54-9A1E7A4F7556}") = "Simpleverse.Dapper.Test", "Simpleverse.Dapper.Test\Simpleverse.Dapper.Test.csproj", "{57B63751-4F96-4A66-925B-BC3949756728}"
EndProject
Global
	GlobalSection(SolutionConfigurationPlatforms) = preSolution
		Debug|Any CPU = Debug|Any CPU
		Release|Any CPU = Release|Any CPU
	EndGlobalSection
	GlobalSection(ProjectConfigurationPlatforms) = postSolution
		{C109F98E-1FE1-4647-9184-65AC3CD9D2D2}.Debug|Any CPU.ActiveCfg = Debug|Any CPU
		{C109F98E-1FE1-4647-9184-65AC3CD9D2D2}.Debug|Any CPU.Build.0 = Debug|Any CPU
		{C109F98E-1FE1-4647-9184-65AC3CD9D2D2}.Release|Any CPU.ActiveCfg = Release|Any CPU
		{C109F98E-1FE1-4647-9184-65AC3CD9D2D2}.Release|Any CPU.Build.0 = Release|Any CPU
		{57B63751-4F96-4A66-925B-BC3949756728}.Debug|Any CPU.ActiveCfg = Debug|Any CPU
		{57B63751-4F96-4A66-925B-BC3949756728}.Debug|Any CPU.Build.0 = Debug|Any CPU
		{57B63751-4F96-4A66-925B-BC3949756728}.Release|Any CPU.ActiveCfg = Release|Any CPU
		{57B63751-4F96-4A66-925B-BC3949756728}.Release|Any CPU.Build.0 = Release|Any CPU
	EndGlobalSection
	GlobalSection(SolutionProperties) = preSolution
		HideSolutionNode = FALSE
	EndGlobalSection
	GlobalSection(ExtensibilityGlobals) = postSolution
		SolutionGuid = {8CAB20C0-6F8B-4D68-A902-2702A44E722F}
	EndGlobalSection
EndGlobal
